// !$*UTF8*$!
{
	archiveVersion = 1;
	classes = {
	};
	objectVersion = 52;
	objects = {

/* Begin PBXBuildFile section */
		240A90FE2631EDBA008D5E00 /* Makefile in Sources */ = {isa = PBXBuildFile; fileRef = 240A90FD2631EDBA008D5E00 /* Makefile */; };
		244FDAC9262B02A500071985 /* ft_strncmp.c in Sources */ = {isa = PBXBuildFile; fileRef = 244FDAC8262B02A500071985 /* ft_strncmp.c */; };
		244FDACB262B087500071985 /* ft_atoi.c in Sources */ = {isa = PBXBuildFile; fileRef = 244FDACA262B087500071985 /* ft_atoi.c */; };
		244FDACF262B24A600071985 /* ft_isalpha.c in Sources */ = {isa = PBXBuildFile; fileRef = 244FDACE262B24A600071985 /* ft_isalpha.c */; };
		244FDAD1262B273F00071985 /* ft_isdigit.c in Sources */ = {isa = PBXBuildFile; fileRef = 244FDAD0262B273E00071985 /* ft_isdigit.c */; };
		244FDAD3262B27BA00071985 /* ft_isalnum.c in Sources */ = {isa = PBXBuildFile; fileRef = 244FDAD2262B27BA00071985 /* ft_isalnum.c */; };
		244FDAD5262B291A00071985 /* ft_isascii.c in Sources */ = {isa = PBXBuildFile; fileRef = 244FDAD4262B291A00071985 /* ft_isascii.c */; };
		244FDAD7262B2CC300071985 /* ft_isprint.c in Sources */ = {isa = PBXBuildFile; fileRef = 244FDAD6262B2CC300071985 /* ft_isprint.c */; };
		244FDAD9262B2F2700071985 /* ft_toupper.c in Sources */ = {isa = PBXBuildFile; fileRef = 244FDAD8262B2F2700071985 /* ft_toupper.c */; };
		244FDADB262B308500071985 /* ft_tolower.c in Sources */ = {isa = PBXBuildFile; fileRef = 244FDADA262B308500071985 /* ft_tolower.c */; };
		244FDADD262B311B00071985 /* ft_calloc.c in Sources */ = {isa = PBXBuildFile; fileRef = 244FDADC262B311B00071985 /* ft_calloc.c */; };
		244FDADF262B461300071985 /* ft_strdup.c in Sources */ = {isa = PBXBuildFile; fileRef = 244FDADE262B461300071985 /* ft_strdup.c */; };
		244FDAE1262B504D00071985 /* ft_substr.c in Sources */ = {isa = PBXBuildFile; fileRef = 244FDAE0262B504D00071985 /* ft_substr.c */; };
		244FDAE5262B581300071985 /* ft_strjoin.c in Sources */ = {isa = PBXBuildFile; fileRef = 244FDAE4262B581300071985 /* ft_strjoin.c */; };
		2456A6DA262F182E005AC5F5 /* ft_itoa.c in Sources */ = {isa = PBXBuildFile; fileRef = 2456A6D9262F182E005AC5F5 /* ft_itoa.c */; };
		247718F526303C940028EBED /* ft_split.c in Sources */ = {isa = PBXBuildFile; fileRef = 247718F426303C940028EBED /* ft_split.c */; };
		247718F7263048ED0028EBED /* ft_strmapi.c in Sources */ = {isa = PBXBuildFile; fileRef = 247718F6263048ED0028EBED /* ft_strmapi.c */; };
		247718F926306D8C0028EBED /* ft_putchar_fd.c in Sources */ = {isa = PBXBuildFile; fileRef = 247718F826306D8C0028EBED /* ft_putchar_fd.c */; };
		247718FB263070D70028EBED /* ft_putstr_fd.c in Sources */ = {isa = PBXBuildFile; fileRef = 247718FA263070D70028EBED /* ft_putstr_fd.c */; };
		247718FD263072560028EBED /* ft_putendl_fd.c in Sources */ = {isa = PBXBuildFile; fileRef = 247718FC263072560028EBED /* ft_putendl_fd.c */; };
		247718FF263073500028EBED /* ft_putnbr_fd.c in Sources */ = {isa = PBXBuildFile; fileRef = 247718FE263073500028EBED /* ft_putnbr_fd.c */; };
		249359AC2629C27900954A80 /* ft_strlcat.c in Sources */ = {isa = PBXBuildFile; fileRef = 249359AB2629C27900954A80 /* ft_strlcat.c */; };
		249359AE2629FA7500954A80 /* ft_strchr.c in Sources */ = {isa = PBXBuildFile; fileRef = 249359AD2629FA7500954A80 /* ft_strchr.c */; };
		249359B02629FE4300954A80 /* ft_strrchr.c in Sources */ = {isa = PBXBuildFile; fileRef = 249359AF2629FE4300954A80 /* ft_strrchr.c */; };
		249359B2262A0B3A00954A80 /* ft_strnstr.c in Sources */ = {isa = PBXBuildFile; fileRef = 249359B1262A0B3A00954A80 /* ft_strnstr.c */; };
		24B67D78262EDDF4001AA6A2 /* ft_strtrim.c in Sources */ = {isa = PBXBuildFile; fileRef = 24B67D77262EDDF4001AA6A2 /* ft_strtrim.c */; };
		24FE89422631EFAD0086857D /* libft.h in Sources */ = {isa = PBXBuildFile; fileRef = 24FE89412631EFAD0086857D /* libft.h */; };
		46853A6D2626085900F890EE /* main.c in Sources */ = {isa = PBXBuildFile; fileRef = 46853A6C2626085900F890EE /* main.c */; };
		46853A7526260B6000F890EE /* ft_memset.c in Sources */ = {isa = PBXBuildFile; fileRef = 46853A7426260B6000F890EE /* ft_memset.c */; };
		46853A7B26270AA700F890EE /* ft_bzero.c in Sources */ = {isa = PBXBuildFile; fileRef = 46853A7A26270AA700F890EE /* ft_bzero.c */; };
		46853A7F2627249F00F890EE /* ft_memcpy.c in Sources */ = {isa = PBXBuildFile; fileRef = 46853A7E2627249F00F890EE /* ft_memcpy.c */; };
		46853A832628512A00F890EE /* ft_memccpy.c in Sources */ = {isa = PBXBuildFile; fileRef = 46853A822628512A00F890EE /* ft_memccpy.c */; };
		46853A872628586C00F890EE /* ft_memmove.c in Sources */ = {isa = PBXBuildFile; fileRef = 46853A862628586C00F890EE /* ft_memmove.c */; };
		46853A8B2628760B00F890EE /* ft_memchr.c in Sources */ = {isa = PBXBuildFile; fileRef = 46853A8A2628760B00F890EE /* ft_memchr.c */; };
		46853A8F2628880500F890EE /* ft_memcmp.c in Sources */ = {isa = PBXBuildFile; fileRef = 46853A8E2628880500F890EE /* ft_memcmp.c */; };
		46853A9426288C7F00F890EE /* ft_strlen.c in Sources */ = {isa = PBXBuildFile; fileRef = 46853A9326288C7F00F890EE /* ft_strlen.c */; };
		46853A982628907600F890EE /* ft_strlcpy.c in Sources */ = {isa = PBXBuildFile; fileRef = 46853A972628907600F890EE /* ft_strlcpy.c */; };
/* End PBXBuildFile section */

/* Begin PBXCopyFilesBuildPhase section */
		46853A672626085900F890EE /* CopyFiles */ = {
			isa = PBXCopyFilesBuildPhase;
			buildActionMask = 2147483647;
			dstPath = /usr/share/man/man1/;
			dstSubfolderSpec = 0;
			files = (
			);
			runOnlyForDeploymentPostprocessing = 1;
		};
/* End PBXCopyFilesBuildPhase section */

/* Begin PBXFileReference section */
		240A90FD2631EDBA008D5E00 /* Makefile */ = {isa = PBXFileReference; fileEncoding = 4; lastKnownFileType = sourcecode.make; path = Makefile; sourceTree = "<group>"; };
		244FDAC8262B02A500071985 /* ft_strncmp.c */ = {isa = PBXFileReference; lastKnownFileType = sourcecode.c.c; path = ft_strncmp.c; sourceTree = "<group>"; };
		244FDACA262B087500071985 /* ft_atoi.c */ = {isa = PBXFileReference; lastKnownFileType = sourcecode.c.c; path = ft_atoi.c; sourceTree = "<group>"; };
		244FDACE262B24A600071985 /* ft_isalpha.c */ = {isa = PBXFileReference; lastKnownFileType = sourcecode.c.c; path = ft_isalpha.c; sourceTree = "<group>"; };
		244FDAD0262B273E00071985 /* ft_isdigit.c */ = {isa = PBXFileReference; lastKnownFileType = sourcecode.c.c; path = ft_isdigit.c; sourceTree = "<group>"; };
		244FDAD2262B27BA00071985 /* ft_isalnum.c */ = {isa = PBXFileReference; lastKnownFileType = sourcecode.c.c; path = ft_isalnum.c; sourceTree = "<group>"; };
		244FDAD4262B291A00071985 /* ft_isascii.c */ = {isa = PBXFileReference; lastKnownFileType = sourcecode.c.c; path = ft_isascii.c; sourceTree = "<group>"; };
		244FDAD6262B2CC300071985 /* ft_isprint.c */ = {isa = PBXFileReference; lastKnownFileType = sourcecode.c.c; path = ft_isprint.c; sourceTree = "<group>"; };
		244FDAD8262B2F2700071985 /* ft_toupper.c */ = {isa = PBXFileReference; lastKnownFileType = sourcecode.c.c; path = ft_toupper.c; sourceTree = "<group>"; };
		244FDADA262B308500071985 /* ft_tolower.c */ = {isa = PBXFileReference; lastKnownFileType = sourcecode.c.c; path = ft_tolower.c; sourceTree = "<group>"; };
		244FDADC262B311B00071985 /* ft_calloc.c */ = {isa = PBXFileReference; lastKnownFileType = sourcecode.c.c; path = ft_calloc.c; sourceTree = "<group>"; };
		244FDADE262B461300071985 /* ft_strdup.c */ = {isa = PBXFileReference; lastKnownFileType = sourcecode.c.c; path = ft_strdup.c; sourceTree = "<group>"; };
		244FDAE0262B504D00071985 /* ft_substr.c */ = {isa = PBXFileReference; lastKnownFileType = sourcecode.c.c; path = ft_substr.c; sourceTree = "<group>"; };
		244FDAE4262B581300071985 /* ft_strjoin.c */ = {isa = PBXFileReference; lastKnownFileType = sourcecode.c.c; path = ft_strjoin.c; sourceTree = "<group>"; };
		2456A6D9262F182E005AC5F5 /* ft_itoa.c */ = {isa = PBXFileReference; lastKnownFileType = sourcecode.c.c; path = ft_itoa.c; sourceTree = "<group>"; };
		247718F426303C940028EBED /* ft_split.c */ = {isa = PBXFileReference; lastKnownFileType = sourcecode.c.c; path = ft_split.c; sourceTree = "<group>"; };
		247718F6263048ED0028EBED /* ft_strmapi.c */ = {isa = PBXFileReference; lastKnownFileType = sourcecode.c.c; path = ft_strmapi.c; sourceTree = "<group>"; };
		247718F826306D8C0028EBED /* ft_putchar_fd.c */ = {isa = PBXFileReference; lastKnownFileType = sourcecode.c.c; path = ft_putchar_fd.c; sourceTree = "<group>"; };
		247718FA263070D70028EBED /* ft_putstr_fd.c */ = {isa = PBXFileReference; lastKnownFileType = sourcecode.c.c; path = ft_putstr_fd.c; sourceTree = "<group>"; };
		247718FC263072560028EBED /* ft_putendl_fd.c */ = {isa = PBXFileReference; lastKnownFileType = sourcecode.c.c; path = ft_putendl_fd.c; sourceTree = "<group>"; };
		247718FE263073500028EBED /* ft_putnbr_fd.c */ = {isa = PBXFileReference; lastKnownFileType = sourcecode.c.c; path = ft_putnbr_fd.c; sourceTree = "<group>"; };
		249359AB2629C27900954A80 /* ft_strlcat.c */ = {isa = PBXFileReference; lastKnownFileType = sourcecode.c.c; path = ft_strlcat.c; sourceTree = "<group>"; };
		249359AD2629FA7500954A80 /* ft_strchr.c */ = {isa = PBXFileReference; lastKnownFileType = sourcecode.c.c; path = ft_strchr.c; sourceTree = "<group>"; };
		249359AF2629FE4300954A80 /* ft_strrchr.c */ = {isa = PBXFileReference; lastKnownFileType = sourcecode.c.c; path = ft_strrchr.c; sourceTree = "<group>"; };
		249359B1262A0B3A00954A80 /* ft_strnstr.c */ = {isa = PBXFileReference; lastKnownFileType = sourcecode.c.c; path = ft_strnstr.c; sourceTree = "<group>"; usesTabs = 1; };
		24B67D77262EDDF4001AA6A2 /* ft_strtrim.c */ = {isa = PBXFileReference; lastKnownFileType = sourcecode.c.c; path = ft_strtrim.c; sourceTree = "<group>"; };
		24FE89412631EFAD0086857D /* libft.h */ = {isa = PBXFileReference; lastKnownFileType = sourcecode.c.h; path = libft.h; sourceTree = "<group>"; };
		46853A692626085900F890EE /* libft */ = {isa = PBXFileReference; explicitFileType = "compiled.mach-o.executable"; includeInIndex = 0; path = libft; sourceTree = BUILT_PRODUCTS_DIR; };
		46853A6C2626085900F890EE /* main.c */ = {isa = PBXFileReference; lastKnownFileType = sourcecode.c.c; path = main.c; sourceTree = "<group>"; };
		46853A7426260B6000F890EE /* ft_memset.c */ = {isa = PBXFileReference; lastKnownFileType = sourcecode.c.c; path = ft_memset.c; sourceTree = "<group>"; };
		46853A7A26270AA700F890EE /* ft_bzero.c */ = {isa = PBXFileReference; lastKnownFileType = sourcecode.c.c; path = ft_bzero.c; sourceTree = "<group>"; };
		46853A7E2627249F00F890EE /* ft_memcpy.c */ = {isa = PBXFileReference; lastKnownFileType = sourcecode.c.c; path = ft_memcpy.c; sourceTree = "<group>"; };
		46853A822628512A00F890EE /* ft_memccpy.c */ = {isa = PBXFileReference; lastKnownFileType = sourcecode.c.c; path = ft_memccpy.c; sourceTree = "<group>"; };
		46853A862628586C00F890EE /* ft_memmove.c */ = {isa = PBXFileReference; lastKnownFileType = sourcecode.c.c; path = ft_memmove.c; sourceTree = "<group>"; };
		46853A8A2628760B00F890EE /* ft_memchr.c */ = {isa = PBXFileReference; lastKnownFileType = sourcecode.c.c; path = ft_memchr.c; sourceTree = "<group>"; };
		46853A8E2628880500F890EE /* ft_memcmp.c */ = {isa = PBXFileReference; lastKnownFileType = sourcecode.c.c; path = ft_memcmp.c; sourceTree = "<group>"; };
		46853A9326288C7F00F890EE /* ft_strlen.c */ = {isa = PBXFileReference; lastKnownFileType = sourcecode.c.c; path = ft_strlen.c; sourceTree = "<group>"; };
		46853A972628907600F890EE /* ft_strlcpy.c */ = {isa = PBXFileReference; lastKnownFileType = sourcecode.c.c; path = ft_strlcpy.c; sourceTree = "<group>"; };
/* End PBXFileReference section */

/* Begin PBXFrameworksBuildPhase section */
		46853A662626085900F890EE /* Frameworks */ = {
			isa = PBXFrameworksBuildPhase;
			buildActionMask = 2147483647;
			files = (
			);
			runOnlyForDeploymentPostprocessing = 0;
		};
/* End PBXFrameworksBuildPhase section */

/* Begin PBXGroup section */
		46853A602626085900F890EE = {
			isa = PBXGroup;
			children = (
				46853A6B2626085900F890EE /* libft */,
				46853A6A2626085900F890EE /* Products */,
			);
			sourceTree = "<group>";
			usesTabs = 1;
		};
		46853A6A2626085900F890EE /* Products */ = {
			isa = PBXGroup;
			children = (
				46853A692626085900F890EE /* libft */,
			);
			name = Products;
			sourceTree = "<group>";
		};
		46853A6B2626085900F890EE /* libft */ = {
			isa = PBXGroup;
			children = (
				46853A6C2626085900F890EE /* main.c */,
				24FE89412631EFAD0086857D /* libft.h */,
				240A90FD2631EDBA008D5E00 /* Makefile */,
				247718FC263072560028EBED /* ft_putendl_fd.c */,
				247718FE263073500028EBED /* ft_putnbr_fd.c */,
				247718FA263070D70028EBED /* ft_putstr_fd.c */,
				247718F826306D8C0028EBED /* ft_putchar_fd.c */,
				247718F6263048ED0028EBED /* ft_strmapi.c */,
				2456A6D9262F182E005AC5F5 /* ft_itoa.c */,
				247718F426303C940028EBED /* ft_split.c */,
				24B67D77262EDDF4001AA6A2 /* ft_strtrim.c */,
				244FDADE262B461300071985 /* ft_strdup.c */,
				244FDAE4262B581300071985 /* ft_strjoin.c */,
				244FDAE0262B504D00071985 /* ft_substr.c */,
				244FDADC262B311B00071985 /* ft_calloc.c */,
				244FDADA262B308500071985 /* ft_tolower.c */,
				244FDAD8262B2F2700071985 /* ft_toupper.c */,
				244FDAD6262B2CC300071985 /* ft_isprint.c */,
				244FDAD4262B291A00071985 /* ft_isascii.c */,
				244FDAD2262B27BA00071985 /* ft_isalnum.c */,
				244FDAD0262B273E00071985 /* ft_isdigit.c */,
				244FDACE262B24A600071985 /* ft_isalpha.c */,
				244FDACA262B087500071985 /* ft_atoi.c */,
				244FDAC8262B02A500071985 /* ft_strncmp.c */,
				249359B1262A0B3A00954A80 /* ft_strnstr.c */,
				249359AD2629FA7500954A80 /* ft_strchr.c */,
				249359AF2629FE4300954A80 /* ft_strrchr.c */,
				46853A9326288C7F00F890EE /* ft_strlen.c */,
				46853A972628907600F890EE /* ft_strlcpy.c */,
				249359AB2629C27900954A80 /* ft_strlcat.c */,
				46853A7A26270AA700F890EE /* ft_bzero.c */,
				46853A7E2627249F00F890EE /* ft_memcpy.c */,
				46853A862628586C00F890EE /* ft_memmove.c */,
				46853A822628512A00F890EE /* ft_memccpy.c */,
				46853A8E2628880500F890EE /* ft_memcmp.c */,
				46853A8A2628760B00F890EE /* ft_memchr.c */,
				46853A7426260B6000F890EE /* ft_memset.c */,
			);
			path = libft;
			sourceTree = "<group>";
		};
/* End PBXGroup section */

/* Begin PBXNativeTarget section */
		46853A682626085900F890EE /* libft */ = {
			isa = PBXNativeTarget;
			buildConfigurationList = 46853A702626085900F890EE /* Build configuration list for PBXNativeTarget "libft" */;
			buildPhases = (
				46853A652626085900F890EE /* Sources */,
				46853A662626085900F890EE /* Frameworks */,
				46853A672626085900F890EE /* CopyFiles */,
			);
			buildRules = (
			);
			dependencies = (
			);
			name = libft;
			productName = libc;
			productReference = 46853A692626085900F890EE /* libft */;
			productType = "com.apple.product-type.tool";
		};
/* End PBXNativeTarget section */

/* Begin PBXProject section */
		46853A612626085900F890EE /* Project object */ = {
			isa = PBXProject;
			attributes = {
				LastUpgradeCheck = 1240;
				TargetAttributes = {
					46853A682626085900F890EE = {
						CreatedOnToolsVersion = 12.4;
					};
				};
			};
			buildConfigurationList = 46853A642626085900F890EE /* Build configuration list for PBXProject "libft" */;
			compatibilityVersion = "Xcode 11.0";
			developmentRegion = en;
			hasScannedForEncodings = 0;
			knownRegions = (
				en,
				Base,
			);
			mainGroup = 46853A602626085900F890EE;
			productRefGroup = 46853A6A2626085900F890EE /* Products */;
			projectDirPath = "";
			projectRoot = "";
			targets = (
				46853A682626085900F890EE /* libft */,
			);
		};
/* End PBXProject section */

/* Begin PBXSourcesBuildPhase section */
		46853A652626085900F890EE /* Sources */ = {
			isa = PBXSourcesBuildPhase;
			buildActionMask = 2147483647;
			files = (
				247718F7263048ED0028EBED /* ft_strmapi.c in Sources */,
				247718FB263070D70028EBED /* ft_putstr_fd.c in Sources */,
				247718F926306D8C0028EBED /* ft_putchar_fd.c in Sources */,
				24FE89422631EFAD0086857D /* libft.h in Sources */,
				244FDADD262B311B00071985 /* ft_calloc.c in Sources */,
				244FDAD5262B291A00071985 /* ft_isascii.c in Sources */,
				46853A7526260B6000F890EE /* ft_memset.c in Sources */,
				240A90FE2631EDBA008D5E00 /* Makefile in Sources */,
				46853A982628907600F890EE /* ft_strlcpy.c in Sources */,
				244FDAD1262B273F00071985 /* ft_isdigit.c in Sources */,
				46853A9426288C7F00F890EE /* ft_strlen.c in Sources */,
				46853A7B26270AA700F890EE /* ft_bzero.c in Sources */,
				244FDAE1262B504D00071985 /* ft_substr.c in Sources */,
				249359B2262A0B3A00954A80 /* ft_strnstr.c in Sources */,
				46853A872628586C00F890EE /* ft_memmove.c in Sources */,
				244FDAD3262B27BA00071985 /* ft_isalnum.c in Sources */,
				247718FF263073500028EBED /* ft_putnbr_fd.c in Sources */,
				247718F526303C940028EBED /* ft_split.c in Sources */,
				24B67D78262EDDF4001AA6A2 /* ft_strtrim.c in Sources */,
				46853A832628512A00F890EE /* ft_memccpy.c in Sources */,
				244FDAE5262B581300071985 /* ft_strjoin.c in Sources */,
				46853A8F2628880500F890EE /* ft_memcmp.c in Sources */,
				249359AE2629FA7500954A80 /* ft_strchr.c in Sources */,
				244FDADF262B461300071985 /* ft_strdup.c in Sources */,
				46853A8B2628760B00F890EE /* ft_memchr.c in Sources */,
				244FDAD9262B2F2700071985 /* ft_toupper.c in Sources */,
				46853A7F2627249F00F890EE /* ft_memcpy.c in Sources */,
				247718FD263072560028EBED /* ft_putendl_fd.c in Sources */,
				249359AC2629C27900954A80 /* ft_strlcat.c in Sources */,
				2456A6DA262F182E005AC5F5 /* ft_itoa.c in Sources */,
				244FDAD7262B2CC300071985 /* ft_isprint.c in Sources */,
				244FDAC9262B02A500071985 /* ft_strncmp.c in Sources */,
				249359B02629FE4300954A80 /* ft_strrchr.c in Sources */,
				244FDACB262B087500071985 /* ft_atoi.c in Sources */,
				244FDADB262B308500071985 /* ft_tolower.c in Sources */,
				46853A6D2626085900F890EE /* main.c in Sources */,
				244FDACF262B24A600071985 /* ft_isalpha.c in Sources */,
			);
			runOnlyForDeploymentPostprocessing = 0;
		};
/* End PBXSourcesBuildPhase section */

/* Begin XCBuildConfiguration section */
		46853A6E2626085900F890EE /* Debug */ = {
			isa = XCBuildConfiguration;
			buildSettings = {
				ALWAYS_SEARCH_USER_PATHS = NO;
				CLANG_ANALYZER_NONNULL = YES;
				CLANG_ANALYZER_NUMBER_OBJECT_CONVERSION = YES_AGGRESSIVE;
				CLANG_CXX_LANGUAGE_STANDARD = "gnu++14";
				CLANG_CXX_LIBRARY = "libc++";
				CLANG_ENABLE_MODULES = YES;
				CLANG_ENABLE_OBJC_ARC = YES;
				CLANG_ENABLE_OBJC_WEAK = YES;
				CLANG_WARN_BLOCK_CAPTURE_AUTORELEASING = YES;
				CLANG_WARN_BOOL_CONVERSION = YES;
				CLANG_WARN_COMMA = YES;
				CLANG_WARN_CONSTANT_CONVERSION = YES;
				CLANG_WARN_DEPRECATED_OBJC_IMPLEMENTATIONS = YES;
				CLANG_WARN_DIRECT_OBJC_ISA_USAGE = YES_ERROR;
				CLANG_WARN_DOCUMENTATION_COMMENTS = YES;
				CLANG_WARN_EMPTY_BODY = YES;
				CLANG_WARN_ENUM_CONVERSION = YES;
				CLANG_WARN_INFINITE_RECURSION = YES;
				CLANG_WARN_INT_CONVERSION = YES;
				CLANG_WARN_NON_LITERAL_NULL_CONVERSION = YES;
				CLANG_WARN_OBJC_IMPLICIT_RETAIN_SELF = YES;
				CLANG_WARN_OBJC_LITERAL_CONVERSION = YES;
				CLANG_WARN_OBJC_ROOT_CLASS = YES_ERROR;
				CLANG_WARN_QUOTED_INCLUDE_IN_FRAMEWORK_HEADER = YES;
				CLANG_WARN_RANGE_LOOP_ANALYSIS = YES;
				CLANG_WARN_STRICT_PROTOTYPES = YES;
				CLANG_WARN_SUSPICIOUS_MOVE = YES;
				CLANG_WARN_UNGUARDED_AVAILABILITY = YES_AGGRESSIVE;
				CLANG_WARN_UNREACHABLE_CODE = YES;
				CLANG_WARN__DUPLICATE_METHOD_MATCH = YES;
				COPY_PHASE_STRIP = NO;
				DEBUG_INFORMATION_FORMAT = dwarf;
				ENABLE_STRICT_OBJC_MSGSEND = YES;
				ENABLE_TESTABILITY = YES;
				GCC_C_LANGUAGE_STANDARD = gnu11;
				GCC_DYNAMIC_NO_PIC = NO;
				GCC_NO_COMMON_BLOCKS = YES;
				GCC_OPTIMIZATION_LEVEL = 0;
				GCC_PREPROCESSOR_DEFINITIONS = (
					"DEBUG=1",
					"$(inherited)",
				);
				GCC_WARN_64_TO_32_BIT_CONVERSION = YES;
				GCC_WARN_ABOUT_RETURN_TYPE = YES_ERROR;
				GCC_WARN_UNDECLARED_SELECTOR = YES;
				GCC_WARN_UNINITIALIZED_AUTOS = YES_AGGRESSIVE;
				GCC_WARN_UNUSED_FUNCTION = YES;
				GCC_WARN_UNUSED_VARIABLE = YES;
				MACOSX_DEPLOYMENT_TARGET = 10.14;
				MTL_ENABLE_DEBUG_INFO = INCLUDE_SOURCE;
				MTL_FAST_MATH = YES;
				ONLY_ACTIVE_ARCH = YES;
				SDKROOT = macosx;
			};
			name = Debug;
		};
		46853A6F2626085900F890EE /* Release */ = {
			isa = XCBuildConfiguration;
			buildSettings = {
				ALWAYS_SEARCH_USER_PATHS = NO;
				CLANG_ANALYZER_NONNULL = YES;
				CLANG_ANALYZER_NUMBER_OBJECT_CONVERSION = YES_AGGRESSIVE;
				CLANG_CXX_LANGUAGE_STANDARD = "gnu++14";
				CLANG_CXX_LIBRARY = "libc++";
				CLANG_ENABLE_MODULES = YES;
				CLANG_ENABLE_OBJC_ARC = YES;
				CLANG_ENABLE_OBJC_WEAK = YES;
				CLANG_WARN_BLOCK_CAPTURE_AUTORELEASING = YES;
				CLANG_WARN_BOOL_CONVERSION = YES;
				CLANG_WARN_COMMA = YES;
				CLANG_WARN_CONSTANT_CONVERSION = YES;
				CLANG_WARN_DEPRECATED_OBJC_IMPLEMENTATIONS = YES;
				CLANG_WARN_DIRECT_OBJC_ISA_USAGE = YES_ERROR;
				CLANG_WARN_DOCUMENTATION_COMMENTS = YES;
				CLANG_WARN_EMPTY_BODY = YES;
				CLANG_WARN_ENUM_CONVERSION = YES;
				CLANG_WARN_INFINITE_RECURSION = YES;
				CLANG_WARN_INT_CONVERSION = YES;
				CLANG_WARN_NON_LITERAL_NULL_CONVERSION = YES;
				CLANG_WARN_OBJC_IMPLICIT_RETAIN_SELF = YES;
				CLANG_WARN_OBJC_LITERAL_CONVERSION = YES;
				CLANG_WARN_OBJC_ROOT_CLASS = YES_ERROR;
				CLANG_WARN_QUOTED_INCLUDE_IN_FRAMEWORK_HEADER = YES;
				CLANG_WARN_RANGE_LOOP_ANALYSIS = YES;
				CLANG_WARN_STRICT_PROTOTYPES = YES;
				CLANG_WARN_SUSPICIOUS_MOVE = YES;
				CLANG_WARN_UNGUARDED_AVAILABILITY = YES_AGGRESSIVE;
				CLANG_WARN_UNREACHABLE_CODE = YES;
				CLANG_WARN__DUPLICATE_METHOD_MATCH = YES;
				COPY_PHASE_STRIP = NO;
				DEBUG_INFORMATION_FORMAT = "dwarf-with-dsym";
				ENABLE_NS_ASSERTIONS = NO;
				ENABLE_STRICT_OBJC_MSGSEND = YES;
				GCC_C_LANGUAGE_STANDARD = gnu11;
				GCC_NO_COMMON_BLOCKS = YES;
				GCC_WARN_64_TO_32_BIT_CONVERSION = YES;
				GCC_WARN_ABOUT_RETURN_TYPE = YES_ERROR;
				GCC_WARN_UNDECLARED_SELECTOR = YES;
				GCC_WARN_UNINITIALIZED_AUTOS = YES_AGGRESSIVE;
				GCC_WARN_UNUSED_FUNCTION = YES;
				GCC_WARN_UNUSED_VARIABLE = YES;
				MACOSX_DEPLOYMENT_TARGET = 10.14;
				MTL_ENABLE_DEBUG_INFO = NO;
				MTL_FAST_MATH = YES;
				SDKROOT = macosx;
			};
			name = Release;
		};
		46853A712626085900F890EE /* Debug */ = {
			isa = XCBuildConfiguration;
			buildSettings = {
				CODE_SIGN_STYLE = Automatic;
				PRODUCT_NAME = "$(TARGET_NAME)";
			};
			name = Debug;
		};
		46853A722626085900F890EE /* Release */ = {
			isa = XCBuildConfiguration;
			buildSettings = {
				CODE_SIGN_STYLE = Automatic;
				PRODUCT_NAME = "$(TARGET_NAME)";
			};
			name = Release;
		};
/* End XCBuildConfiguration section */

/* Begin XCConfigurationList section */
		46853A642626085900F890EE /* Build configuration list for PBXProject "libft" */ = {
			isa = XCConfigurationList;
			buildConfigurations = (
				46853A6E2626085900F890EE /* Debug */,
				46853A6F2626085900F890EE /* Release */,
			);
			defaultConfigurationIsVisible = 0;
			defaultConfigurationName = Release;
		};
		46853A702626085900F890EE /* Build configuration list for PBXNativeTarget "libft" */ = {
			isa = XCConfigurationList;
			buildConfigurations = (
				46853A712626085900F890EE /* Debug */,
				46853A722626085900F890EE /* Release */,
			);
			defaultConfigurationIsVisible = 0;
			defaultConfigurationName = Release;
		};
/* End XCConfigurationList section */
	};
	rootObject = 46853A612626085900F890EE /* Project object */;
}
